# THIS IS AN AUTOGENERATED FILE. DO NOT EDIT THIS FILE DIRECTLY.
# yarn lockfile v1


ejs@^2.6.2:
  version "2.6.2"
  resolved "https://registry.yarnpkg.com/ejs/-/ejs-2.6.2.tgz#3a32c63d1cd16d11266cd4703b14fec4e74ab4f6"
  integrity sha512-PcW2a0tyTuPHz3tWyYqtK6r1fZ3gp+3Sop8Ph+ZYN81Ob5rwmbHEzaqs10N3BEsaGTkh/ooniXK+WwszGlc2+Q==
