# THIS IS AN AUTOGENERATED FILE. DO NOT EDIT THIS FILE DIRECTLY.
# yarn lockfile v1


grant-express@^4.6.2:
  version "4.6.2"
  resolved "https://registry.yarnpkg.com/grant-express/-/grant-express-4.6.2.tgz#6eebd8b359c43f12bb5774dd8436d3043ee9b955"
  integrity sha512-g/MwZ8N7y+sbWQJtGth7VrZTDnAN+KF2NH6w/0cTzs9d0tX0RJIQSI/pD9USlVvEp/PjyFC0JYDm4HVI/bP7Gw==
  dependencies:
    grant "4.6.2"

grant@4.6.2:
  version "4.6.2"
  resolved "https://registry.yarnpkg.com/grant/-/grant-4.6.2.tgz#8d0ef5381d5a07f2e9e68250300e7074d0648af4"
  integrity sha512-FON7qtoJSQ2OnINZyysezozqGthaPuVXjzmMpaXQcQXKSjuzouYK4I6FJhvU/QAZIhkWkgyRsk8ZhRu63Z2Rjw==
  dependencies:
    qs "^6.7.0"
    request-compose "^1.2.0"
    request-oauth "0.0.3"

oauth-sign@^0.8.2:
  version "0.8.2"
  resolved "https://registry.yarnpkg.com/oauth-sign/-/oauth-sign-0.8.2.tgz#46a6ab7f0aead8deae9ec0565780b7d4efeb9d43"
  integrity sha1-Rqarfwrq2N6unsBWV4C31O/rnUM=

qs@^6.5.1, qs@^6.7.0:
  version "6.7.0"
  resolved "https://registry.yarnpkg.com/qs/-/qs-6.7.0.tgz#41dc1a015e3d581f1621776be31afb2876a9b1bc"
  integrity sha512-VCdBRNFTX1fyE7Nb6FYoURo/SPe62QCaAyzJvUjwRaIsc+NePBEniHlvxFmmX56+HZphIGtV0XeCirBtpDrTyQ==

request-compose@^1.2.0:
  version "1.2.0"
  resolved "https://registry.yarnpkg.com/request-compose/-/request-compose-1.2.0.tgz#a87705fa5833639761aaf4fe6472171b00380e65"
  integrity sha512-kvWsOZhYsoIJw6cLQHgcENHktD/dozkjvTFi30+OwAoaXcnTS0dGD1Pp2Auq3Kf54wVP7Sf4hUJCkzySKMe/vA==

request-oauth@0.0.3:
  version "0.0.3"
  resolved "https://registry.yarnpkg.com/request-oauth/-/request-oauth-0.0.3.tgz#b3ea1ff857b9add3b0d49e42993a88e256d791ab"
  integrity sha512-q7WdJlpIcPaIDac0FZSy/yH37FO3UkUuPDIsiLALiLjuC6vzvuKIU14YIC3Lm0wtQRXS9GqvSo/fCYj8n75xSw==
  dependencies:
    oauth-sign "^0.8.2"
    qs "^6.5.1"
    uuid "^3.2.1"

uuid@^3.2.1:
  version "3.3.2"
  resolved "https://registry.yarnpkg.com/uuid/-/uuid-3.3.2.tgz#1b4af4955eb3077c501c23872fc6513811587131"
  integrity sha512-yXJmeNaw3DnnKAOKJE51sL/ZaYfWJRl1pK9dr19YFCu0ObS231AB1/LbqTKRAQ5kw8A90rA6fr4riOUpTZvQZA==
